
Microsoft Visual Studio Solution File, Format Version 11.00
# Visual C# Express 2010
Project("{FAE04EC0-301F-11D3-BF4B-00C04F79EFBC}") = "huggle3", "huggle3\huggle3.csproj", "{D696F355-D00A-4BB3-B96E-7EECCDE3FC6D}"
EndProject
Global
	GlobalSection(SolutionConfigurationPlatforms) = preSolution
		Debug|x86 = Debug|x86
		Release|x86 = Release|x86
	EndGlobalSection
	GlobalSection(ProjectConfigurationPlatforms) = postSolution
		{D696F355-D00A-4BB3-B96E-7EECCDE3FC6D}.Debug|x86.ActiveCfg = Debug|x86
		{D696F355-D00A-4BB3-B96E-7EECCDE3FC6D}.Debug|x86.Build.0 = Debug|x86
		{D696F355-D00A-4BB3-B96E-7EECCDE3FC6D}.Release|x86.ActiveCfg = Release|x86
		{D696F355-D00A-4BB3-B96E-7EECCDE3FC6D}.Release|x86.Build.0 = Release|x86
	EndGlobalSection
	GlobalSection(SolutionProperties) = preSolution
		HideSolutionNode = FALSE
	EndGlobalSection
EndGlobal
